
Microsoft Visual Studio Solution File, Format Version 12.00
Project("{FAE04EC0-301F-11D3-BF4B-00C04F79EFBC}") = "LessonOneHomework", "LessonOneHomework\LessonOneHomework.csproj", "{030781A9-99D5-42B4-B109-4CE9C0F2AE92}"
EndProject
Project("{FAE04EC0-301F-11D3-BF4B-00C04F79EFBC}") = "LessonTwoHomework", "LessonTwoHomework\LessonTwoHomework.csproj", "{416CD169-03FD-49F6-AA55-FA039D863816}"
EndProject
Global
	GlobalSection(SolutionConfigurationPlatforms) = preSolution
		Debug|Any CPU = Debug|Any CPU
		Release|Any CPU = Release|Any CPU
	EndGlobalSection
	GlobalSection(ProjectConfigurationPlatforms) = postSolution
		{030781A9-99D5-42B4-B109-4CE9C0F2AE92}.Debug|Any CPU.ActiveCfg = Debug|Any CPU
		{030781A9-99D5-42B4-B109-4CE9C0F2AE92}.Debug|Any CPU.Build.0 = Debug|Any CPU
		{030781A9-99D5-42B4-B109-4CE9C0F2AE92}.Release|Any CPU.ActiveCfg = Release|Any CPU
		{030781A9-99D5-42B4-B109-4CE9C0F2AE92}.Release|Any CPU.Build.0 = Release|Any CPU
		{416CD169-03FD-49F6-AA55-FA039D863816}.Debug|Any CPU.ActiveCfg = Debug|Any CPU
		{416CD169-03FD-49F6-AA55-FA039D863816}.Debug|Any CPU.Build.0 = Debug|Any CPU
		{416CD169-03FD-49F6-AA55-FA039D863816}.Release|Any CPU.ActiveCfg = Release|Any CPU
		{416CD169-03FD-49F6-AA55-FA039D863816}.Release|Any CPU.Build.0 = Release|Any CPU
	EndGlobalSection
EndGlobal
